
Microsoft Visual Studio Solution File, Format Version 12.00
# Visual Studio Version 17
VisualStudioVersion = 17.8.34330.188
MinimumVisualStudioVersion = 10.0.40219.1
Project("{FAE04EC0-301F-11D3-BF4B-00C04F79EFBC}") = "TPFInalNivel2-LuduenaGomez", "TPFInalNivel2-LuduenaGomez\TPFInalNivel2-LuduenaGomez.csproj", "{4A5FB2AE-80DB-44B0-B548-BCF5C298A053}"
EndProject
Project("{FAE04EC0-301F-11D3-BF4B-00C04F79EFBC}") = "Dominio", "Dominio\Dominio.csproj", "{6DBDF972-F8DB-4B08-9714-EB5FF12B702A}"
EndProject
Project("{FAE04EC0-301F-11D3-BF4B-00C04F79EFBC}") = "Negocio", "Negocio\Negocio.csproj", "{D7312F40-C2F5-45CD-8EDB-8639C8F95CE7}"
EndProject
Global
	GlobalSection(SolutionConfigurationPlatforms) = preSolution
		Debug|Any CPU = Debug|Any CPU
		Release|Any CPU = Release|Any CPU
	EndGlobalSection
	GlobalSection(ProjectConfigurationPlatforms) = postSolution
		{4A5FB2AE-80DB-44B0-B548-BCF5C298A053}.Debug|Any CPU.ActiveCfg = Debug|Any CPU
		{4A5FB2AE-80DB-44B0-B548-BCF5C298A053}.Debug|Any CPU.Build.0 = Debug|Any CPU
		{4A5FB2AE-80DB-44B0-B548-BCF5C298A053}.Release|Any CPU.ActiveCfg = Release|Any CPU
		{4A5FB2AE-80DB-44B0-B548-BCF5C298A053}.Release|Any CPU.Build.0 = Release|Any CPU
		{6DBDF972-F8DB-4B08-9714-EB5FF12B702A}.Debug|Any CPU.ActiveCfg = Debug|Any CPU
		{6DBDF972-F8DB-4B08-9714-EB5FF12B702A}.Debug|Any CPU.Build.0 = Debug|Any CPU
		{6DBDF972-F8DB-4B08-9714-EB5FF12B702A}.Release|Any CPU.ActiveCfg = Release|Any CPU
		{6DBDF972-F8DB-4B08-9714-EB5FF12B702A}.Release|Any CPU.Build.0 = Release|Any CPU
		{D7312F40-C2F5-45CD-8EDB-8639C8F95CE7}.Debug|Any CPU.ActiveCfg = Debug|Any CPU
		{D7312F40-C2F5-45CD-8EDB-8639C8F95CE7}.Debug|Any CPU.Build.0 = Debug|Any CPU
		{D7312F40-C2F5-45CD-8EDB-8639C8F95CE7}.Release|Any CPU.ActiveCfg = Release|Any CPU
		{D7312F40-C2F5-45CD-8EDB-8639C8F95CE7}.Release|Any CPU.Build.0 = Release|Any CPU
	EndGlobalSection
	GlobalSection(SolutionProperties) = preSolution
		HideSolutionNode = FALSE
	EndGlobalSection
	GlobalSection(ExtensibilityGlobals) = postSolution
		SolutionGuid = {BDC24023-B1B9-48FC-A8A4-5800092B1427}
	EndGlobalSection
EndGlobal
